
Microsoft Visual Studio Solution File, Format Version 12.00
# Visual Studio Version 16
VisualStudioVersion = 16.0.32901.82
MinimumVisualStudioVersion = 10.0.40219.1
Project("{FAE04EC0-301F-11D3-BF4B-00C04F79EFBC}") = "Generics", "Generics\Generics.csproj", "{8DFF8A38-A7EA-4071-8396-1050CBA13B32}"
EndProject
Global
	GlobalSection(SolutionConfigurationPlatforms) = preSolution
		Debug|Any CPU = Debug|Any CPU
		Release|Any CPU = Release|Any CPU
	EndGlobalSection
	GlobalSection(ProjectConfigurationPlatforms) = postSolution
		{8DFF8A38-A7EA-4071-8396-1050CBA13B32}.Debug|Any CPU.ActiveCfg = Debug|Any CPU
		{8DFF8A38-A7EA-4071-8396-1050CBA13B32}.Debug|Any CPU.Build.0 = Debug|Any CPU
		{8DFF8A38-A7EA-4071-8396-1050CBA13B32}.Release|Any CPU.ActiveCfg = Release|Any CPU
		{8DFF8A38-A7EA-4071-8396-1050CBA13B32}.Release|Any CPU.Build.0 = Release|Any CPU
	EndGlobalSection
	GlobalSection(SolutionProperties) = preSolution
		HideSolutionNode = FALSE
	EndGlobalSection
	GlobalSection(ExtensibilityGlobals) = postSolution
		SolutionGuid = {01BE6043-B771-4D60-AEFA-F2A9B0069D72}
	EndGlobalSection
EndGlobal
